[[package]]
category = "main"
description = "Low-level AMQP client for Python (fork of amqplib)."
name = "amqp"
optional = false
python-versions = ">=2.7, !=3.0.*, !=3.1.*, !=3.2.*, !=3.3.*, !=3.4.*"
version = "2.6.1"

[package.dependencies]
vine = ">=1.1.3,<5.0.0a1"

[[package]]
category = "main"
description = "ASGI specs, helper code, and adapters"
name = "asgiref"
optional = false
python-versions = ">=3.5"
version = "3.2.10"

[package.extras]
tests = ["pytest", "pytest-asyncio"]

[[package]]
category = "main"
description = "A dict with attribute-style access"
name = "attrdict"
optional = false
python-versions = "*"
version = "2.0.1"

[package.dependencies]
six = "*"

[[package]]
category = "main"
description = "Python multiprocessing fork with improvements and bugfixes"
name = "billiard"
optional = false
python-versions = "*"
version = "3.6.3.0"

[[package]]
category = "main"
description = "Distributed Task Queue."
name = "celery"
optional = false
python-versions = ">=2.7, !=3.0.*, !=3.1.*, !=3.2.*, !=3.3.*, !=3.4.*"
version = "4.4.7"

[package.dependencies]
billiard = ">=3.6.3.0,<4.0"
kombu = ">=4.6.10,<4.7"
pytz = ">0.0-dev"
vine = "1.3.0"

[package.extras]
arangodb = ["pyArango (>=1.3.2)"]
auth = ["cryptography"]
azureblockblob = ["azure-storage (0.36.0)", "azure-common (1.1.5)", "azure-storage-common (1.1.0)"]
brotli = ["brotli (>=1.0.0)", "brotlipy (>=0.7.0)"]
cassandra = ["cassandra-driver (<3.21.0)"]
consul = ["python-consul"]
cosmosdbsql = ["pydocumentdb (2.3.2)"]
couchbase = ["couchbase-cffi (<3.0.0)", "couchbase (<3.0.0)"]
couchdb = ["pycouchdb"]
django = ["Django (>=1.11)"]
dynamodb = ["boto3 (>=1.9.178)"]
elasticsearch = ["elasticsearch"]
eventlet = ["eventlet (>=0.24.1)"]
gevent = ["gevent"]
librabbitmq = ["librabbitmq (>=1.5.0)"]
lzma = ["backports.lzma"]
memcache = ["pylibmc"]
mongodb = ["pymongo (>=3.3.0)"]
msgpack = ["msgpack"]
pymemcache = ["python-memcached"]
pyro = ["pyro4"]
redis = ["redis (>=3.2.0)"]
riak = ["riak (>=2.0)"]
s3 = ["boto3 (>=1.9.125)"]
slmq = ["softlayer-messaging (>=1.0.3)"]
solar = ["ephem"]
sqlalchemy = ["sqlalchemy"]
sqs = ["boto3 (>=1.9.125)", "pycurl (7.43.0.5)"]
tblib = ["tblib (>=1.3.0)", "tblib (>=1.5.0)"]
yaml = ["PyYAML (>=3.10)"]
zookeeper = ["kazoo (>=1.3.1)"]
zstd = ["zstandard"]

[[package]]
category = "main"
description = "Tool for using the bin/celery worker to consume vanilla AMQP messages (i.e. not Celery tasks)"
name = "celery-message-consumer"
optional = false
python-versions = "*"
version = "1.2.1"

[package.dependencies]
flexisettings = ">=1.0,<1.1"
six = "*"

[[package]]
category = "main"
description = "Python package for providing Mozilla's CA Bundle."
name = "certifi"
optional = false
python-versions = "*"
version = "2020.6.20"

[[package]]
category = "main"
description = "Universal encoding detector for Python 2 and 3"
name = "chardet"
optional = false
python-versions = "*"
version = "3.0.4"

[[package]]
category = "main"
description = "Python dict that supports common app configuration-loading scenarios."
name = "configloader"
optional = false
python-versions = "*"
version = "1.0.1"

[package.dependencies]
[package.dependencies.PyYAML]
optional = true
version = ">=3"

[package.dependencies.attrdict]
optional = true
version = ">=1"

[package.extras]
all = ["PyYAML (>=3)", "attrdict (>=1)"]
attrdict = ["attrdict (>=1)"]
yaml = ["PyYAML (>=3)"]

[[package]]
category = "main"
description = "Python client library for Core API."
name = "coreapi"
optional = false
python-versions = "*"
version = "2.3.3"

[package.dependencies]
coreschema = "*"
itypes = "*"
requests = "*"
uritemplate = "*"

[[package]]
category = "main"
description = "Core Schema."
name = "coreschema"
optional = false
python-versions = "*"
version = "0.0.4"

[package.dependencies]
jinja2 = "*"

[[package]]
category = "main"
description = "A high-level Python Web framework that encourages rapid development and clean, pragmatic design."
name = "django"
optional = false
python-versions = ">=3.6"
version = "3.0"

[package.dependencies]
asgiref = ">=3.2,<4.0"
pytz = "*"
sqlparse = ">=0.2.2"

[package.extras]
argon2 = ["argon2-cffi (>=16.1.0)"]
bcrypt = ["bcrypt"]

[[package]]
category = "main"
description = "Database-backed Periodic Tasks."
name = "django-celery-beat"
optional = false
python-versions = "*"
version = "2.0.0"

[package.dependencies]
Django = ">=1.11.17"
celery = "*"
django-timezone-field = ">=4.0,<5.0"
python-crontab = ">=2.3.4"

[[package]]
category = "main"
description = "Wrapper around elasticsearch-dsl-py for django models"
name = "django-elasticsearch-dsl"
optional = false
python-versions = "*"
version = "7.1.4"

[package.dependencies]
elasticsearch-dsl = ">=7.0.0"
six = "*"

[[package]]
category = "dev"
description = "Extensions for Django"
name = "django-extensions"
optional = false
python-versions = ">=3.5"
version = "3.0.8"

[[package]]
category = "main"
description = "A Django app providing database and form fields for pytz timezone objects."
name = "django-timezone-field"
optional = false
python-versions = ">=3.5"
version = "4.0"

[package.dependencies]
django = ">=2.2"
pytz = "*"

[[package]]
category = "main"
description = "Web APIs for Django, made easy."
name = "djangorestframework"
optional = false
python-versions = ">=3.5"
version = "3.11.1"

[package.dependencies]
django = ">=1.11"

[[package]]
category = "main"
description = "Automated generation of real Swagger/OpenAPI 2.0 schemas from Django Rest Framework code."
name = "drf-yasg"
optional = false
python-versions = ">=2.7, !=3.0.*, !=3.1.*, !=3.2.*, !=3.3.*, !=3.4.*"
version = "1.17.1"

[package.dependencies]
Django = ">=1.11.7"
coreapi = ">=2.3.3"
coreschema = ">=0.0.4"
djangorestframework = ">=3.8"
inflection = ">=0.3.1"
packaging = "*"
"ruamel.yaml" = ">=0.15.34"
six = ">=1.10.0"
uritemplate = ">=3.0.0"

[package.extras]
validation = ["swagger-spec-validator (>=2.1.0)"]

[[package]]
category = "main"
description = "Python client for Elasticsearch"
name = "elasticsearch"
optional = false
python-versions = ">=2.7, !=3.0.*, !=3.1.*, !=3.2.*, !=3.3.*, <4"
version = "7.9.1"

[package.dependencies]
certifi = "*"
urllib3 = ">=1.21.1"

[package.extras]
async = ["aiohttp (>=3,<4)", "yarl"]
develop = ["requests (>=2.0.0,<3.0.0)", "coverage", "mock", "pyyaml", "pytest", "pytest-cov", "sphinx (<1.7)", "sphinx-rtd-theme", "black", "jinja2"]
docs = ["sphinx (<1.7)", "sphinx-rtd-theme"]
requests = ["requests (>=2.4.0,<3.0.0)"]

[[package]]
category = "main"
description = "Python client for Elasticsearch"
name = "elasticsearch-dsl"
optional = false
python-versions = ">=2.7, !=3.0.*, !=3.1.*, !=3.2.*, !=3.3.*"
version = "7.3.0"

[package.dependencies]
elasticsearch = ">=7.0.0,<8.0.0"
python-dateutil = "*"
six = "*"

[package.extras]
develop = ["mock", "pytest (>=3.0.0)", "pytest-cov", "pytest-mock (<3.0.0)", "pytz", "coverage (<5.0.0)", "sphinx", "sphinx-rtd-theme"]

[[package]]
category = "main"
description = "Overridable config for shared libraries."
name = "flexisettings"
optional = false
python-versions = "*"
version = "1.0.5"

[package.dependencies]
six = "*"
wrapt = ">=1.10,<2.0"

[package.dependencies.configloader]
extras = ["yaml", "attrdict"]
version = ">=1.0.1,<1.1"

[[package]]
category = "main"
description = "Celery Flower"
name = "flower"
optional = false
python-versions = "*"
version = "0.9.5"

[package.dependencies]
humanize = "*"
prometheus-client = "0.8.0"
pytz = "*"

[package.dependencies.celery]
python = ">=3.7"
version = ">=4.3.0"

[package.dependencies.tornado]
python = ">=3.5.2"
version = ">=5.0.0,<7.0.0"

[[package]]
category = "main"
description = "WSGI HTTP Server for UNIX"
name = "gunicorn"
optional = false
python-versions = ">=3.4"
version = "20.0.4"

[package.dependencies]
setuptools = ">=3.0"

[package.extras]
eventlet = ["eventlet (>=0.9.7)"]
gevent = ["gevent (>=0.13)"]
setproctitle = ["setproctitle"]
tornado = ["tornado (>=0.2)"]

[[package]]
category = "main"
description = "Python humanize utilities"
name = "humanize"
optional = false
python-versions = ">=3.5"
version = "2.6.0"

[package.extras]
tests = ["freezegun", "pytest", "pytest-cov"]

[[package]]
category = "main"
description = "Internationalized Domain Names in Applications (IDNA)"
name = "idna"
optional = false
python-versions = ">=2.7, !=3.0.*, !=3.1.*, !=3.2.*, !=3.3.*"
version = "2.10"

[[package]]
category = "main"
description = "A port of Ruby on Rails inflector to Python"
name = "inflection"
optional = false
python-versions = ">=3.5"
version = "0.5.1"

[[package]]
category = "main"
description = "Simple immutable types for python."
name = "itypes"
optional = false
python-versions = "*"
version = "1.2.0"

[[package]]
category = "main"
description = "A very fast and expressive template engine."
name = "jinja2"
optional = false
python-versions = ">=2.7, !=3.0.*, !=3.1.*, !=3.2.*, !=3.3.*, !=3.4.*"
version = "2.11.2"

[package.dependencies]
MarkupSafe = ">=0.23"

[package.extras]
i18n = ["Babel (>=0.8)"]

[[package]]
category = "main"
description = "Messaging library for Python."
name = "kombu"
optional = false
python-versions = ">=2.7, !=3.0.*, !=3.1.*, !=3.2.*, !=3.3.*, !=3.4.*"
version = "4.6.11"

[package.dependencies]
amqp = ">=2.6.0,<2.7"

[package.extras]
azureservicebus = ["azure-servicebus (>=0.21.1)"]
azurestoragequeues = ["azure-storage-queue"]
consul = ["python-consul (>=0.6.0)"]
librabbitmq = ["librabbitmq (>=1.5.2)"]
mongodb = ["pymongo (>=3.3.0)"]
msgpack = ["msgpack"]
pyro = ["pyro4"]
qpid = ["qpid-python (>=0.26)", "qpid-tools (>=0.26)"]
redis = ["redis (>=3.3.11)"]
slmq = ["softlayer-messaging (>=1.0.3)"]
sqlalchemy = ["sqlalchemy"]
sqs = ["boto3 (>=1.4.4)", "pycurl (7.43.0.2)"]
yaml = ["PyYAML (>=3.10)"]
zookeeper = ["kazoo (>=1.3.1)"]

[[package]]
category = "main"
description = "AMQP Client using the rabbitmq-c library."
name = "librabbitmq"
optional = false
python-versions = "*"
version = "2.0.0"

[package.dependencies]
amqp = ">=1.4.6"
six = ">=1.0.0"

[[package]]
category = "main"
description = "Safely add untrusted strings to HTML/XML markup."
name = "markupsafe"
optional = false
python-versions = ">=2.7,!=3.0.*,!=3.1.*,!=3.2.*,!=3.3.*"
version = "1.1.1"

[[package]]
category = "main"
description = "Core utilities for Python packages"
name = "packaging"
optional = false
python-versions = ">=2.7, !=3.0.*, !=3.1.*, !=3.2.*, !=3.3.*"
version = "20.4"

[package.dependencies]
pyparsing = ">=2.0.2"
six = "*"

[[package]]
category = "main"
description = "Pika Python AMQP Client Library"
name = "pika"
optional = false
python-versions = "*"
version = "1.1.0"

[package.extras]
tornado = ["tornado"]
twisted = ["twisted"]

[[package]]
category = "main"
description = "Python client for the Prometheus monitoring system."
name = "prometheus-client"
optional = false
python-versions = "*"
version = "0.8.0"

[package.extras]
twisted = ["twisted"]

[[package]]
category = "main"
description = "psycopg2 - Python-PostgreSQL Database Adapter"
name = "psycopg2"
optional = false
python-versions = ">=2.7,!=3.0.*,!=3.1.*,!=3.2.*,!=3.3.*"
version = "2.8.6"

[[package]]
category = "main"
description = "Python parsing module"
name = "pyparsing"
optional = false
python-versions = ">=2.6, !=3.0.*, !=3.1.*, !=3.2.*"
version = "2.4.7"

[[package]]
category = "main"
description = "Python Crontab API"
name = "python-crontab"
optional = false
python-versions = "*"
version = "2.5.1"

[package.dependencies]
python-dateutil = "*"

[package.extras]
cron-description = ["cron-descriptor"]
cron-schedule = ["croniter"]

[[package]]
category = "main"
description = "Extensions to the standard Python datetime module"
name = "python-dateutil"
optional = false
python-versions = "!=3.0.*,!=3.1.*,!=3.2.*,>=2.7"
version = "2.8.1"

[package.dependencies]
six = ">=1.5"

[[package]]
category = "main"
description = "Strict separation of settings from code."
name = "python-decouple"
optional = false
python-versions = "*"
version = "3.3"

[[package]]
category = "main"
description = "World timezone definitions, modern and historical"
name = "pytz"
optional = false
python-versions = "*"
version = "2020.1"

[[package]]
category = "main"
description = "YAML parser and emitter for Python"
name = "pyyaml"
optional = false
python-versions = ">=2.7, !=3.0.*, !=3.1.*, !=3.2.*, !=3.3.*, !=3.4.*"
version = "5.3.1"

[[package]]
category = "main"
description = "Python HTTP for Humans."
name = "requests"
optional = false
python-versions = ">=2.7, !=3.0.*, !=3.1.*, !=3.2.*, !=3.3.*, !=3.4.*"
version = "2.24.0"

[package.dependencies]
certifi = ">=2017.4.17"
chardet = ">=3.0.2,<4"
idna = ">=2.5,<3"
urllib3 = ">=1.21.1,<1.25.0 || >1.25.0,<1.25.1 || >1.25.1,<1.26"

[package.extras]
security = ["pyOpenSSL (>=0.14)", "cryptography (>=1.3.4)"]
socks = ["PySocks (>=1.5.6,<1.5.7 || >1.5.7)", "win-inet-pton"]

[[package]]
category = "main"
description = "ruamel.yaml is a YAML parser/emitter that supports roundtrip preservation of comments, seq/map flow style, and map key order"
name = "ruamel.yaml"
optional = false
python-versions = "*"
version = "0.16.12"

[package.dependencies]
[package.dependencies."ruamel.yaml.clib"]
python = "<3.9"
version = ">=0.1.2"

[package.extras]
docs = ["ryd"]
jinja2 = ["ruamel.yaml.jinja2 (>=0.2)"]

[[package]]
category = "main"
description = "C version of reader, parser and emitter for ruamel.yaml derived from libyaml"
marker = "platform_python_implementation == \"CPython\" and python_version < \"3.9\""
name = "ruamel.yaml.clib"
optional = false
python-versions = "*"
version = "0.2.2"

[[package]]
category = "main"
description = "Python 2 and 3 compatibility utilities"
name = "six"
optional = false
python-versions = ">=2.7, !=3.0.*, !=3.1.*, !=3.2.*"
version = "1.15.0"

[[package]]
category = "main"
description = "Non-validating SQL parser"
name = "sqlparse"
optional = false
python-versions = ">=2.7, !=3.0.*, !=3.1.*, !=3.2.*, !=3.3.*"
version = "0.3.1"

[[package]]
category = "main"
description = "Tornado is a Python web framework and asynchronous networking library, originally developed at FriendFeed."
marker = "python_version >= \"3.5.2\""
name = "tornado"
optional = false
python-versions = ">= 3.5"
version = "6.0.4"

[[package]]
category = "main"
description = "URI templates"
name = "uritemplate"
optional = false
python-versions = ">=2.7, !=3.0.*, !=3.1.*, !=3.2.*, !=3.3.*"
version = "3.0.1"

[[package]]
category = "main"
description = "HTTP library with thread-safe connection pooling, file post, and more."
name = "urllib3"
optional = false
python-versions = ">=2.7, !=3.0.*, !=3.1.*, !=3.2.*, !=3.3.*, !=3.4.*, <4"
version = "1.25.10"

[package.extras]
brotli = ["brotlipy (>=0.6.0)"]
secure = ["certifi", "cryptography (>=1.3.4)", "idna (>=2.0.0)", "pyOpenSSL (>=0.14)", "ipaddress"]
socks = ["PySocks (>=1.5.6,<1.5.7 || >1.5.7,<2.0)"]

[[package]]
category = "main"
description = "Promises, promises, promises."
name = "vine"
optional = false
python-versions = ">=2.7, !=3.0.*, !=3.1.*, !=3.2.*, !=3.3.*"
version = "1.3.0"

[[package]]
category = "dev"
description = "The comprehensive WSGI web application library."
name = "werkzeug"
optional = false
python-versions = ">=2.7, !=3.0.*, !=3.1.*, !=3.2.*, !=3.3.*, !=3.4.*"
version = "1.0.1"

[package.extras]
dev = ["pytest", "pytest-timeout", "coverage", "tox", "sphinx", "pallets-sphinx-themes", "sphinx-issues"]
watchdog = ["watchdog"]

[[package]]
category = "main"
description = "Module for decorators, wrappers and monkey patching."
name = "wrapt"
optional = false
python-versions = "*"
version = "1.12.1"

[metadata]
content-hash = "ade29c0d65af57cd54db313c19ba561efe01f6a4acc604b2953e1f04e121af3d"
lock-version = "1.0"
python-versions = "^3.8"

[metadata.files]
amqp = [
    {file = "amqp-2.6.1-py2.py3-none-any.whl", hash = "sha256:aa7f313fb887c91f15474c1229907a04dac0b8135822d6603437803424c0aa59"},
    {file = "amqp-2.6.1.tar.gz", hash = "sha256:70cdb10628468ff14e57ec2f751c7aa9e48e7e3651cfd62d431213c0c4e58f21"},
]
asgiref = [
    {file = "asgiref-3.2.10-py3-none-any.whl", hash = "sha256:9fc6fb5d39b8af147ba40765234fa822b39818b12cc80b35ad9b0cef3a476aed"},
    {file = "asgiref-3.2.10.tar.gz", hash = "sha256:7e51911ee147dd685c3c8b805c0ad0cb58d360987b56953878f8c06d2d1c6f1a"},
]
attrdict = [
    {file = "attrdict-2.0.1-py2.py3-none-any.whl", hash = "sha256:9432e3498c74ff7e1b20b3d93b45d766b71cbffa90923496f82c4ae38b92be34"},
    {file = "attrdict-2.0.1.tar.gz", hash = "sha256:35c90698b55c683946091177177a9e9c0713a0860f0e049febd72649ccd77b70"},
]
billiard = [
    {file = "billiard-3.6.3.0-py3-none-any.whl", hash = "sha256:bff575450859a6e0fbc2f9877d9b715b0bbc07c3565bb7ed2280526a0cdf5ede"},
    {file = "billiard-3.6.3.0.tar.gz", hash = "sha256:d91725ce6425f33a97dfa72fb6bfef0e47d4652acd98a032bd1a7fbf06d5fa6a"},
]
celery = [
    {file = "celery-4.4.7-py2.py3-none-any.whl", hash = "sha256:a92e1d56e650781fb747032a3997d16236d037c8199eacd5217d1a72893bca45"},
    {file = "celery-4.4.7.tar.gz", hash = "sha256:d220b13a8ed57c78149acf82c006785356071844afe0b27012a4991d44026f9f"},
]
celery-message-consumer = [
    {file = "celery-message-consumer-1.2.1.tar.gz", hash = "sha256:dd52931b894555de9a2cd1a60ee7952938bfa540745e4b3934b6d5750cfc4979"},
]
certifi = [
    {file = "certifi-2020.6.20-py2.py3-none-any.whl", hash = "sha256:8fc0819f1f30ba15bdb34cceffb9ef04d99f420f68eb75d901e9560b8749fc41"},
    {file = "certifi-2020.6.20.tar.gz", hash = "sha256:5930595817496dd21bb8dc35dad090f1c2cd0adfaf21204bf6732ca5d8ee34d3"},
]
chardet = [
    {file = "chardet-3.0.4-py2.py3-none-any.whl", hash = "sha256:fc323ffcaeaed0e0a02bf4d117757b98aed530d9ed4531e3e15460124c106691"},
    {file = "chardet-3.0.4.tar.gz", hash = "sha256:84ab92ed1c4d4f16916e05906b6b75a6c0fb5db821cc65e70cbd64a3e2a5eaae"},
]
configloader = [
    {file = "configloader-1.0.1-py2.py3-none-any.whl", hash = "sha256:e2033a2328f704c68479423ae0ad3dcc08767270c5f57f562f2aa0bd370c16b9"},
    {file = "configloader-1.0.1.tar.gz", hash = "sha256:e2613c1b8c838e1f3046bf6bb4a11ecfaf6e3950e5a2aa1b8569b39c9171a044"},
]
coreapi = [
    {file = "coreapi-2.3.3-py2.py3-none-any.whl", hash = "sha256:bf39d118d6d3e171f10df9ede5666f63ad80bba9a29a8ec17726a66cf52ee6f3"},
    {file = "coreapi-2.3.3.tar.gz", hash = "sha256:46145fcc1f7017c076a2ef684969b641d18a2991051fddec9458ad3f78ffc1cb"},
]
coreschema = [
    {file = "coreschema-0.0.4-py2-none-any.whl", hash = "sha256:5e6ef7bf38c1525d5e55a895934ab4273548629f16aed5c0a6caa74ebf45551f"},
    {file = "coreschema-0.0.4.tar.gz", hash = "sha256:9503506007d482ab0867ba14724b93c18a33b22b6d19fb419ef2d239dd4a1607"},
]
django = [
    {file = "Django-3.0-py3-none-any.whl", hash = "sha256:6f857bd4e574442ba35a7172f1397b303167dae964cf18e53db5e85fe248d000"},
    {file = "Django-3.0.tar.gz", hash = "sha256:d98c9b6e5eed147bc51f47c014ff6826bd1ab50b166956776ee13db5a58804ae"},
]
django-celery-beat = [
    {file = "django-celery-beat-2.0.0.tar.gz", hash = "sha256:fdf1255eecfbeb770c6521fe3e69989dfc6373cd5a7f0fe62038d37f80f47e48"},
    {file = "django_celery_beat-2.0.0-py2.py3-none-any.whl", hash = "sha256:fe0b2a1b31d4a6234fea4b31986ddfd4644a48fab216ce1843f3ed0ddd2e9097"},
]
django-elasticsearch-dsl = [
    {file = "django-elasticsearch-dsl-7.1.4.tar.gz", hash = "sha256:5bbd49a9acb51c08fbbb7fba9beee7c9ce73b481af718cc57e4c8ac3d561888f"},
    {file = "django_elasticsearch_dsl-7.1.4-py2.py3-none-any.whl", hash = "sha256:e733ccfd0e8b83ad6896d812a2c15ccbd563caf4ebf30fd31640538ad2de8e26"},
]
django-extensions = [
    {file = "django-extensions-3.0.8.tar.gz", hash = "sha256:a67747508ec39583892fbddf57e0b66b3f332a885ef5520698bc2e1cb351955a"},
    {file = "django_extensions-3.0.8-py3-none-any.whl", hash = "sha256:c7c2ca48ccc2ecc4427c908cd3a6dc114fc7534092de51209b02f84ccafe648b"},
]
django-timezone-field = [
    {file = "django-timezone-field-4.0.tar.gz", hash = "sha256:7e3620fe2211c2d372fad54db8f86ff884098d018d56fda4dca5e64929e05ffc"},
    {file = "django_timezone_field-4.0-py3-none-any.whl", hash = "sha256:758b7d41084e9ea2e89e59eb616e9b6326e6fbbf9d14b6ef062d624fe8cc6246"},
]
djangorestframework = [
    {file = "djangorestframework-3.11.1-py3-none-any.whl", hash = "sha256:8b1ac62c581dbc5799b03e535854b92fc4053ecfe74bad3f9c05782063d4196b"},
    {file = "djangorestframework-3.11.1.tar.gz", hash = "sha256:6dd02d5a4bd2516fb93f80360673bf540c3b6641fec8766b1da2870a5aa00b32"},
]
drf-yasg = [
    {file = "drf-yasg-1.17.1.tar.gz", hash = "sha256:5572e9d5baab9f6b49318169df9789f7399d0e3c7bdac8fdb8dfccf1d5d2b1ca"},
    {file = "drf_yasg-1.17.1-py2.py3-none-any.whl", hash = "sha256:7d7af27ad16e18507e9392b2afd6b218fbffc432ec8dbea053099a2241e184ff"},
]
elasticsearch = [
    {file = "elasticsearch-7.9.1-py2.py3-none-any.whl", hash = "sha256:8c7e2374f53ee1b891ff2804116e0c7fb517585d6d5788ba668686bbc9d82e2d"},
    {file = "elasticsearch-7.9.1.tar.gz", hash = "sha256:5e08776fbb30c6e92408c7fa8c37d939210d291475ae2f364f0497975918b6fe"},
]
elasticsearch-dsl = [
    {file = "elasticsearch-dsl-7.3.0.tar.gz", hash = "sha256:0ed75f6ff037e36b2397a8e92cae0ddde79b83adc70a154b8946064cb62f7301"},
    {file = "elasticsearch_dsl-7.3.0-py2.py3-none-any.whl", hash = "sha256:9390d8e5cf82ebad3505e7f656e407259cf703f5a4035f211cef454127672572"},
]
flexisettings = [
    {file = "flexisettings-1.0.5.tar.gz", hash = "sha256:611e9ca901476120fc8d9cdf388e5bf2166d4ccf2550091b5fa8f09997305b19"},
]
flower = [
    {file = "flower-0.9.5-py2.py3-none-any.whl", hash = "sha256:71be02bff7b2f56b0a07bd947fb3c748acba7f44f80ae88125d8954ce1a89697"},
    {file = "flower-0.9.5.tar.gz", hash = "sha256:56916d1d2892e25453d6023437427fc04706a1308e0bd4822321da34e1643f9c"},
]
gunicorn = [
    {file = "gunicorn-20.0.4-py2.py3-none-any.whl", hash = "sha256:cd4a810dd51bf497552cf3f863b575dabd73d6ad6a91075b65936b151cbf4f9c"},
    {file = "gunicorn-20.0.4.tar.gz", hash = "sha256:1904bb2b8a43658807108d59c3f3d56c2b6121a701161de0ddf9ad140073c626"},
]
humanize = [
    {file = "humanize-2.6.0-py3-none-any.whl", hash = "sha256:fd5b32945687443d5b8bc1e02fad027da1d293a9e963b3450122ad98ef534f21"},
    {file = "humanize-2.6.0.tar.gz", hash = "sha256:8ee358ea6c23de896b9d1925ebe6a8504bb2ba7e98d5ccf4d07ab7f3b28f3819"},
]
idna = [
    {file = "idna-2.10-py2.py3-none-any.whl", hash = "sha256:b97d804b1e9b523befed77c48dacec60e6dcb0b5391d57af6a65a312a90648c0"},
    {file = "idna-2.10.tar.gz", hash = "sha256:b307872f855b18632ce0c21c5e45be78c0ea7ae4c15c828c20788b26921eb3f6"},
]
inflection = [
    {file = "inflection-0.5.1-py2.py3-none-any.whl", hash = "sha256:f38b2b640938a4f35ade69ac3d053042959b62a0f1076a5bbaa1b9526605a8a2"},
    {file = "inflection-0.5.1.tar.gz", hash = "sha256:1a29730d366e996aaacffb2f1f1cb9593dc38e2ddd30c91250c6dde09ea9b417"},
]
itypes = [
    {file = "itypes-1.2.0-py2.py3-none-any.whl", hash = "sha256:03da6872ca89d29aef62773672b2d408f490f80db48b23079a4b194c86dd04c6"},
    {file = "itypes-1.2.0.tar.gz", hash = "sha256:af886f129dea4a2a1e3d36595a2d139589e4dd287f5cab0b40e799ee81570ff1"},
]
jinja2 = [
    {file = "Jinja2-2.11.2-py2.py3-none-any.whl", hash = "sha256:f0a4641d3cf955324a89c04f3d94663aa4d638abe8f733ecd3582848e1c37035"},
    {file = "Jinja2-2.11.2.tar.gz", hash = "sha256:89aab215427ef59c34ad58735269eb58b1a5808103067f7bb9d5836c651b3bb0"},
]
kombu = [
    {file = "kombu-4.6.11-py2.py3-none-any.whl", hash = "sha256:be48cdffb54a2194d93ad6533d73f69408486483d189fe9f5990ee24255b0e0a"},
    {file = "kombu-4.6.11.tar.gz", hash = "sha256:ca1b45faac8c0b18493d02a8571792f3c40291cf2bcf1f55afed3d8f3aa7ba74"},
]
librabbitmq = [
    {file = "librabbitmq-2.0.0-cp27-cp27m-manylinux1_x86_64.whl", hash = "sha256:c2a8113d3c831808d1d940fdf43e4882636a1efe2864df7ab3bb709a45016b37"},
    {file = "librabbitmq-2.0.0-cp27-cp27mu-manylinux1_x86_64.whl", hash = "sha256:3116e40c02d4285b8dd69834e4cbcb1a89ea534ca9147e865f11d44e7cc56eea"},
    {file = "librabbitmq-2.0.0-cp34-cp34m-manylinux1_x86_64.whl", hash = "sha256:cd9cc09343b193d7cf2cff6c6a578061863bd986a4bdf38f922e9dc32e15d944"},
    {file = "librabbitmq-2.0.0-cp35-cp35m-manylinux1_x86_64.whl", hash = "sha256:98e355f486964dadae7e8b51c9a60e9aa0653bbe27f6b14542687f305c4c3652"},
    {file = "librabbitmq-2.0.0-cp36-cp36m-manylinux1_x86_64.whl", hash = "sha256:5cdfb473573396d43d54cef9e9b4c74fa3d1516da51d04a7b261f6ef4e0bd8be"},
    {file = "librabbitmq-2.0.0.tar.gz", hash = "sha256:ffa2363a860ab5dcc3ce3703247e05e940c73d776c03a3f3f9deaf3cf43bb96c"},
]
markupsafe = [
    {file = "MarkupSafe-1.1.1-cp27-cp27m-macosx_10_6_intel.whl", hash = "sha256:09027a7803a62ca78792ad89403b1b7a73a01c8cb65909cd876f7fcebd79b161"},
    {file = "MarkupSafe-1.1.1-cp27-cp27m-manylinux1_i686.whl", hash = "sha256:e249096428b3ae81b08327a63a485ad0878de3fb939049038579ac0ef61e17e7"},
    {file = "MarkupSafe-1.1.1-cp27-cp27m-manylinux1_x86_64.whl", hash = "sha256:500d4957e52ddc3351cabf489e79c91c17f6e0899158447047588650b5e69183"},
    {file = "MarkupSafe-1.1.1-cp27-cp27m-win32.whl", hash = "sha256:b2051432115498d3562c084a49bba65d97cf251f5a331c64a12ee7e04dacc51b"},
    {file = "MarkupSafe-1.1.1-cp27-cp27m-win_amd64.whl", hash = "sha256:98c7086708b163d425c67c7a91bad6e466bb99d797aa64f965e9d25c12111a5e"},
    {file = "MarkupSafe-1.1.1-cp27-cp27mu-manylinux1_i686.whl", hash = "sha256:cd5df75523866410809ca100dc9681e301e3c27567cf498077e8551b6d20e42f"},
    {file = "MarkupSafe-1.1.1-cp27-cp27mu-manylinux1_x86_64.whl", hash = "sha256:43a55c2930bbc139570ac2452adf3d70cdbb3cfe5912c71cdce1c2c6bbd9c5d1"},
    {file = "MarkupSafe-1.1.1-cp34-cp34m-macosx_10_6_intel.whl", hash = "sha256:1027c282dad077d0bae18be6794e6b6b8c91d58ed8a8d89a89d59693b9131db5"},
    {file = "MarkupSafe-1.1.1-cp34-cp34m-manylinux1_i686.whl", hash = "sha256:62fe6c95e3ec8a7fad637b7f3d372c15ec1caa01ab47926cfdf7a75b40e0eac1"},
    {file = "MarkupSafe-1.1.1-cp34-cp34m-manylinux1_x86_64.whl", hash = "sha256:88e5fcfb52ee7b911e8bb6d6aa2fd21fbecc674eadd44118a9cc3863f938e735"},
    {file = "MarkupSafe-1.1.1-cp34-cp34m-win32.whl", hash = "sha256:ade5e387d2ad0d7ebf59146cc00c8044acbd863725f887353a10df825fc8ae21"},
    {file = "MarkupSafe-1.1.1-cp34-cp34m-win_amd64.whl", hash = "sha256:09c4b7f37d6c648cb13f9230d847adf22f8171b1ccc4d5682398e77f40309235"},
    {file = "MarkupSafe-1.1.1-cp35-cp35m-macosx_10_6_intel.whl", hash = "sha256:79855e1c5b8da654cf486b830bd42c06e8780cea587384cf6545b7d9ac013a0b"},
    {file = "MarkupSafe-1.1.1-cp35-cp35m-manylinux1_i686.whl", hash = "sha256:c8716a48d94b06bb3b2524c2b77e055fb313aeb4ea620c8dd03a105574ba704f"},
    {file = "MarkupSafe-1.1.1-cp35-cp35m-manylinux1_x86_64.whl", hash = "sha256:7c1699dfe0cf8ff607dbdcc1e9b9af1755371f92a68f706051cc8c37d447c905"},
    {file = "MarkupSafe-1.1.1-cp35-cp35m-win32.whl", hash = "sha256:6dd73240d2af64df90aa7c4e7481e23825ea70af4b4922f8ede5b9e35f78a3b1"},
    {file = "MarkupSafe-1.1.1-cp35-cp35m-win_amd64.whl", hash = "sha256:9add70b36c5666a2ed02b43b335fe19002ee5235efd4b8a89bfcf9005bebac0d"},
    {file = "MarkupSafe-1.1.1-cp36-cp36m-macosx_10_6_intel.whl", hash = "sha256:24982cc2533820871eba85ba648cd53d8623687ff11cbb805be4ff7b4c971aff"},
    {file = "MarkupSafe-1.1.1-cp36-cp36m-manylinux1_i686.whl", hash = "sha256:00bc623926325b26bb9605ae9eae8a215691f33cae5df11ca5424f06f2d1f473"},
    {file = "MarkupSafe-1.1.1-cp36-cp36m-manylinux1_x86_64.whl", hash = "sha256:717ba8fe3ae9cc0006d7c451f0bb265ee07739daf76355d06366154ee68d221e"},
    {file = "MarkupSafe-1.1.1-cp36-cp36m-win32.whl", hash = "sha256:535f6fc4d397c1563d08b88e485c3496cf5784e927af890fb3c3aac7f933ec66"},
    {file = "MarkupSafe-1.1.1-cp36-cp36m-win_amd64.whl", hash = "sha256:b1282f8c00509d99fef04d8ba936b156d419be841854fe901d8ae224c59f0be5"},
    {file = "MarkupSafe-1.1.1-cp37-cp37m-macosx_10_6_intel.whl", hash = "sha256:8defac2f2ccd6805ebf65f5eeb132adcf2ab57aa11fdf4c0dd5169a004710e7d"},
    {file = "MarkupSafe-1.1.1-cp37-cp37m-manylinux1_i686.whl", hash = "sha256:46c99d2de99945ec5cb54f23c8cd5689f6d7177305ebff350a58ce5f8de1669e"},
    {file = "MarkupSafe-1.1.1-cp37-cp37m-manylinux1_x86_64.whl", hash = "sha256:ba59edeaa2fc6114428f1637ffff42da1e311e29382d81b339c1817d37ec93c6"},
    {file = "MarkupSafe-1.1.1-cp37-cp37m-win32.whl", hash = "sha256:b00c1de48212e4cc9603895652c5c410df699856a2853135b3967591e4beebc2"},
    {file = "MarkupSafe-1.1.1-cp37-cp37m-win_amd64.whl", hash = "sha256:9bf40443012702a1d2070043cb6291650a0841ece432556f784f004937f0f32c"},
    {file = "MarkupSafe-1.1.1-cp38-cp38-macosx_10_9_x86_64.whl", hash = "sha256:6788b695d50a51edb699cb55e35487e430fa21f1ed838122d722e0ff0ac5ba15"},
    {file = "MarkupSafe-1.1.1-cp38-cp38-manylinux1_i686.whl", hash = "sha256:cdb132fc825c38e1aeec2c8aa9338310d29d337bebbd7baa06889d09a60a1fa2"},
    {file = "MarkupSafe-1.1.1-cp38-cp38-manylinux1_x86_64.whl", hash = "sha256:13d3144e1e340870b25e7b10b98d779608c02016d5184cfb9927a9f10c689f42"},
    {file = "MarkupSafe-1.1.1-cp38-cp38-win32.whl", hash = "sha256:596510de112c685489095da617b5bcbbac7dd6384aeebeda4df6025d0256a81b"},
    {file = "MarkupSafe-1.1.1-cp38-cp38-win_amd64.whl", hash = "sha256:e8313f01ba26fbbe36c7be1966a7b7424942f670f38e666995b88d012765b9be"},
    {file = "MarkupSafe-1.1.1.tar.gz", hash = "sha256:29872e92839765e546828bb7754a68c418d927cd064fd4708fab9fe9c8bb116b"},
]
packaging = [
    {file = "packaging-20.4-py2.py3-none-any.whl", hash = "sha256:998416ba6962ae7fbd6596850b80e17859a5753ba17c32284f67bfff33784181"},
    {file = "packaging-20.4.tar.gz", hash = "sha256:4357f74f47b9c12db93624a82154e9b120fa8293699949152b22065d556079f8"},
]
pika = [
    {file = "pika-1.1.0-py2.py3-none-any.whl", hash = "sha256:4e1a1a6585a41b2341992ec32aadb7a919d649eb82904fd8e4a4e0871c8cf3af"},
    {file = "pika-1.1.0.tar.gz", hash = "sha256:9fa76ba4b65034b878b2b8de90ff8660a59d925b087c5bb88f8fdbb4b64a1dbf"},
]
prometheus-client = [
    {file = "prometheus_client-0.8.0-py2.py3-none-any.whl", hash = "sha256:983c7ac4b47478720db338f1491ef67a100b474e3bc7dafcbaefb7d0b8f9b01c"},
    {file = "prometheus_client-0.8.0.tar.gz", hash = "sha256:c6e6b706833a6bd1fd51711299edee907857be10ece535126a158f911ee80915"},
]
psycopg2 = [
    {file = "psycopg2-2.8.6-cp27-cp27m-win32.whl", hash = "sha256:068115e13c70dc5982dfc00c5d70437fe37c014c808acce119b5448361c03725"},
    {file = "psycopg2-2.8.6-cp27-cp27m-win_amd64.whl", hash = "sha256:d160744652e81c80627a909a0e808f3c6653a40af435744de037e3172cf277f5"},
    {file = "psycopg2-2.8.6-cp34-cp34m-win32.whl", hash = "sha256:b8cae8b2f022efa1f011cc753adb9cbadfa5a184431d09b273fb49b4167561ad"},
    {file = "psycopg2-2.8.6-cp34-cp34m-win_amd64.whl", hash = "sha256:f22ea9b67aea4f4a1718300908a2fb62b3e4276cf00bd829a97ab5894af42ea3"},
    {file = "psycopg2-2.8.6-cp35-cp35m-win32.whl", hash = "sha256:26e7fd115a6db75267b325de0fba089b911a4a12ebd3d0b5e7acb7028bc46821"},
    {file = "psycopg2-2.8.6-cp35-cp35m-win_amd64.whl", hash = "sha256:00195b5f6832dbf2876b8bf77f12bdce648224c89c880719c745b90515233301"},
    {file = "psycopg2-2.8.6-cp36-cp36m-win32.whl", hash = "sha256:a49833abfdede8985ba3f3ec641f771cca215479f41523e99dace96d5b8cce2a"},
    {file = "psycopg2-2.8.6-cp36-cp36m-win_amd64.whl", hash = "sha256:f974c96fca34ae9e4f49839ba6b78addf0346777b46c4da27a7bf54f48d3057d"},
    {file = "psycopg2-2.8.6-cp37-cp37m-win32.whl", hash = "sha256:6a3d9efb6f36f1fe6aa8dbb5af55e067db802502c55a9defa47c5a1dad41df84"},
    {file = "psycopg2-2.8.6-cp37-cp37m-win_amd64.whl", hash = "sha256:56fee7f818d032f802b8eed81ef0c1232b8b42390df189cab9cfa87573fe52c5"},
    {file = "psycopg2-2.8.6-cp38-cp38-win32.whl", hash = "sha256:ad2fe8a37be669082e61fb001c185ffb58867fdbb3e7a6b0b0d2ffe232353a3e"},
    {file = "psycopg2-2.8.6-cp38-cp38-win_amd64.whl", hash = "sha256:56007a226b8e95aa980ada7abdea6b40b75ce62a433bd27cec7a8178d57f4051"},
    {file = "psycopg2-2.8.6.tar.gz", hash = "sha256:fb23f6c71107c37fd667cb4ea363ddeb936b348bbd6449278eb92c189699f543"},
]
pyparsing = [
    {file = "pyparsing-2.4.7-py2.py3-none-any.whl", hash = "sha256:ef9d7589ef3c200abe66653d3f1ab1033c3c419ae9b9bdb1240a85b024efc88b"},
    {file = "pyparsing-2.4.7.tar.gz", hash = "sha256:c203ec8783bf771a155b207279b9bccb8dea02d8f0c9e5f8ead507bc3246ecc1"},
]
python-crontab = [
    {file = "python-crontab-2.5.1.tar.gz", hash = "sha256:4bbe7e720753a132ca4ca9d4094915f40e9d9dc8a807a4564007651018ce8c31"},
]
python-dateutil = [
    {file = "python-dateutil-2.8.1.tar.gz", hash = "sha256:73ebfe9dbf22e832286dafa60473e4cd239f8592f699aa5adaf10050e6e1823c"},
    {file = "python_dateutil-2.8.1-py2.py3-none-any.whl", hash = "sha256:75bb3f31ea686f1197762692a9ee6a7550b59fc6ca3a1f4b5d7e32fb98e2da2a"},
]
python-decouple = [
    {file = "python-decouple-3.3.tar.gz", hash = "sha256:55c546b85b0c47a15a47a4312d451a437f7344a9be3e001660bccd93b637de95"},
]
pytz = [
    {file = "pytz-2020.1-py2.py3-none-any.whl", hash = "sha256:a494d53b6d39c3c6e44c3bec237336e14305e4f29bbf800b599253057fbb79ed"},
    {file = "pytz-2020.1.tar.gz", hash = "sha256:c35965d010ce31b23eeb663ed3cc8c906275d6be1a34393a1d73a41febf4a048"},
]
pyyaml = [
    {file = "PyYAML-5.3.1-cp27-cp27m-win32.whl", hash = "sha256:74809a57b329d6cc0fdccee6318f44b9b8649961fa73144a98735b0aaf029f1f"},
    {file = "PyYAML-5.3.1-cp27-cp27m-win_amd64.whl", hash = "sha256:240097ff019d7c70a4922b6869d8a86407758333f02203e0fc6ff79c5dcede76"},
    {file = "PyYAML-5.3.1-cp35-cp35m-win32.whl", hash = "sha256:4f4b913ca1a7319b33cfb1369e91e50354d6f07a135f3b901aca02aa95940bd2"},
    {file = "PyYAML-5.3.1-cp35-cp35m-win_amd64.whl", hash = "sha256:cc8955cfbfc7a115fa81d85284ee61147059a753344bc51098f3ccd69b0d7e0c"},
    {file = "PyYAML-5.3.1-cp36-cp36m-win32.whl", hash = "sha256:7739fc0fa8205b3ee8808aea45e968bc90082c10aef6ea95e855e10abf4a37b2"},
    {file = "PyYAML-5.3.1-cp36-cp36m-win_amd64.whl", hash = "sha256:69f00dca373f240f842b2931fb2c7e14ddbacd1397d57157a9b005a6a9942648"},
    {file = "PyYAML-5.3.1-cp37-cp37m-win32.whl", hash = "sha256:d13155f591e6fcc1ec3b30685d50bf0711574e2c0dfffd7644babf8b5102ca1a"},
    {file = "PyYAML-5.3.1-cp37-cp37m-win_amd64.whl", hash = "sha256:73f099454b799e05e5ab51423c7bcf361c58d3206fa7b0d555426b1f4d9a3eaf"},
    {file = "PyYAML-5.3.1-cp38-cp38-win32.whl", hash = "sha256:06a0d7ba600ce0b2d2fe2e78453a470b5a6e000a985dd4a4e54e436cc36b0e97"},
    {file = "PyYAML-5.3.1-cp38-cp38-win_amd64.whl", hash = "sha256:95f71d2af0ff4227885f7a6605c37fd53d3a106fcab511b8860ecca9fcf400ee"},
    {file = "PyYAML-5.3.1.tar.gz", hash = "sha256:b8eac752c5e14d3eca0e6dd9199cd627518cb5ec06add0de9d32baeee6fe645d"},
]
requests = [
    {file = "requests-2.24.0-py2.py3-none-any.whl", hash = "sha256:fe75cc94a9443b9246fc7049224f75604b113c36acb93f87b80ed42c44cbb898"},
    {file = "requests-2.24.0.tar.gz", hash = "sha256:b3559a131db72c33ee969480840fff4bb6dd111de7dd27c8ee1f820f4f00231b"},
]
"ruamel.yaml" = [
    {file = "ruamel.yaml-0.16.12-py2.py3-none-any.whl", hash = "sha256:012b9470a0ea06e4e44e99e7920277edf6b46eee0232a04487ea73a7386340a5"},
    {file = "ruamel.yaml-0.16.12.tar.gz", hash = "sha256:076cc0bc34f1966d920a49f18b52b6ad559fbe656a0748e3535cf7b3f29ebf9e"},
]
"ruamel.yaml.clib" = [
    {file = "ruamel.yaml.clib-0.2.2-cp27-cp27m-macosx_10_9_x86_64.whl", hash = "sha256:28116f204103cb3a108dfd37668f20abe6e3cafd0d3fd40dba126c732457b3cc"},
    {file = "ruamel.yaml.clib-0.2.2-cp27-cp27m-manylinux1_x86_64.whl", hash = "sha256:daf21aa33ee9b351f66deed30a3d450ab55c14242cfdfcd377798e2c0d25c9f1"},
    {file = "ruamel.yaml.clib-0.2.2-cp27-cp27m-win32.whl", hash = "sha256:30dca9bbcbb1cc858717438218d11eafb78666759e5094dd767468c0d577a7e7"},
    {file = "ruamel.yaml.clib-0.2.2-cp27-cp27m-win_amd64.whl", hash = "sha256:f6061a31880c1ed6b6ce341215336e2f3d0c1deccd84957b6fa8ca474b41e89f"},
    {file = "ruamel.yaml.clib-0.2.2-cp27-cp27mu-manylinux1_x86_64.whl", hash = "sha256:73b3d43e04cc4b228fa6fa5d796409ece6fcb53a6c270eb2048109cbcbc3b9c2"},
    {file = "ruamel.yaml.clib-0.2.2-cp35-cp35m-macosx_10_6_intel.whl", hash = "sha256:53b9dd1abd70e257a6e32f934ebc482dac5edb8c93e23deb663eac724c30b026"},
    {file = "ruamel.yaml.clib-0.2.2-cp35-cp35m-manylinux1_x86_64.whl", hash = "sha256:839dd72545ef7ba78fd2aa1a5dd07b33696adf3e68fae7f31327161c1093001b"},
    {file = "ruamel.yaml.clib-0.2.2-cp35-cp35m-win32.whl", hash = "sha256:b1e981fe1aff1fd11627f531524826a4dcc1f26c726235a52fcb62ded27d150f"},
    {file = "ruamel.yaml.clib-0.2.2-cp35-cp35m-win_amd64.whl", hash = "sha256:4e52c96ca66de04be42ea2278012a2342d89f5e82b4512fb6fb7134e377e2e62"},
    {file = "ruamel.yaml.clib-0.2.2-cp36-cp36m-macosx_10_9_x86_64.whl", hash = "sha256:a873e4d4954f865dcb60bdc4914af7eaae48fb56b60ed6daa1d6251c72f5337c"},
    {file = "ruamel.yaml.clib-0.2.2-cp36-cp36m-manylinux1_x86_64.whl", hash = "sha256:ab845f1f51f7eb750a78937be9f79baea4a42c7960f5a94dde34e69f3cce1988"},
    {file = "ruamel.yaml.clib-0.2.2-cp36-cp36m-win32.whl", hash = "sha256:e9f7d1d8c26a6a12c23421061f9022bb62704e38211fe375c645485f38df34a2"},
    {file = "ruamel.yaml.clib-0.2.2-cp36-cp36m-win_amd64.whl", hash = "sha256:2602e91bd5c1b874d6f93d3086f9830f3e907c543c7672cf293a97c3fabdcd91"},
    {file = "ruamel.yaml.clib-0.2.2-cp37-cp37m-macosx_10_9_x86_64.whl", hash = "sha256:44c7b0498c39f27795224438f1a6be6c5352f82cb887bc33d962c3a3acc00df6"},
    {file = "ruamel.yaml.clib-0.2.2-cp37-cp37m-manylinux1_x86_64.whl", hash = "sha256:8e8fd0a22c9d92af3a34f91e8a2594eeb35cba90ab643c5e0e643567dc8be43e"},
    {file = "ruamel.yaml.clib-0.2.2-cp37-cp37m-win32.whl", hash = "sha256:464e66a04e740d754170be5e740657a3b3b6d2bcc567f0c3437879a6e6087ff6"},
    {file = "ruamel.yaml.clib-0.2.2-cp37-cp37m-win_amd64.whl", hash = "sha256:52ae5739e4b5d6317b52f5b040b1b6639e8af68a5b8fd606a8b08658fbd0cab5"},
    {file = "ruamel.yaml.clib-0.2.2-cp38-cp38-macosx_10_9_x86_64.whl", hash = "sha256:4df5019e7783d14b79217ad9c56edf1ba7485d614ad5a385d1b3c768635c81c0"},
    {file = "ruamel.yaml.clib-0.2.2-cp38-cp38-manylinux1_x86_64.whl", hash = "sha256:5254af7d8bdf4d5484c089f929cb7f5bafa59b4f01d4f48adda4be41e6d29f99"},
    {file = "ruamel.yaml.clib-0.2.2-cp38-cp38-win32.whl", hash = "sha256:74161d827407f4db9072011adcfb825b5258a5ccb3d2cd518dd6c9edea9e30f1"},
    {file = "ruamel.yaml.clib-0.2.2-cp38-cp38-win_amd64.whl", hash = "sha256:058a1cc3df2a8aecc12f983a48bda99315cebf55a3b3a5463e37bb599b05727b"},
    {file = "ruamel.yaml.clib-0.2.2.tar.gz", hash = "sha256:2d24bd98af676f4990c4d715bcdc2a60b19c56a3fb3a763164d2d8ca0e806ba7"},
]
six = [
    {file = "six-1.15.0-py2.py3-none-any.whl", hash = "sha256:8b74bedcbbbaca38ff6d7491d76f2b06b3592611af620f8426e82dddb04a5ced"},
    {file = "six-1.15.0.tar.gz", hash = "sha256:30639c035cdb23534cd4aa2dd52c3bf48f06e5f4a941509c8bafd8ce11080259"},
]
sqlparse = [
    {file = "sqlparse-0.3.1-py2.py3-none-any.whl", hash = "sha256:022fb9c87b524d1f7862b3037e541f68597a730a8843245c349fc93e1643dc4e"},
    {file = "sqlparse-0.3.1.tar.gz", hash = "sha256:e162203737712307dfe78860cc56c8da8a852ab2ee33750e33aeadf38d12c548"},
]
tornado = [
    {file = "tornado-6.0.4-cp35-cp35m-win32.whl", hash = "sha256:5217e601700f24e966ddab689f90b7ea4bd91ff3357c3600fa1045e26d68e55d"},
    {file = "tornado-6.0.4-cp35-cp35m-win_amd64.whl", hash = "sha256:c98232a3ac391f5faea6821b53db8db461157baa788f5d6222a193e9456e1740"},
    {file = "tornado-6.0.4-cp36-cp36m-win32.whl", hash = "sha256:5f6a07e62e799be5d2330e68d808c8ac41d4a259b9cea61da4101b83cb5dc673"},
    {file = "tornado-6.0.4-cp36-cp36m-win_amd64.whl", hash = "sha256:c952975c8ba74f546ae6de2e226ab3cc3cc11ae47baf607459a6728585bb542a"},
    {file = "tornado-6.0.4-cp37-cp37m-win32.whl", hash = "sha256:2c027eb2a393d964b22b5c154d1a23a5f8727db6fda837118a776b29e2b8ebc6"},
    {file = "tornado-6.0.4-cp37-cp37m-win_amd64.whl", hash = "sha256:5618f72e947533832cbc3dec54e1dffc1747a5cb17d1fd91577ed14fa0dc081b"},
    {file = "tornado-6.0.4-cp38-cp38-win32.whl", hash = "sha256:22aed82c2ea340c3771e3babc5ef220272f6fd06b5108a53b4976d0d722bcd52"},
    {file = "tornado-6.0.4-cp38-cp38-win_amd64.whl", hash = "sha256:c58d56003daf1b616336781b26d184023ea4af13ae143d9dda65e31e534940b9"},
    {file = "tornado-6.0.4.tar.gz", hash = "sha256:0fe2d45ba43b00a41cd73f8be321a44936dc1aba233dee979f17a042b83eb6dc"},
]
uritemplate = [
    {file = "uritemplate-3.0.1-py2.py3-none-any.whl", hash = "sha256:07620c3f3f8eed1f12600845892b0e036a2420acf513c53f7de0abd911a5894f"},
    {file = "uritemplate-3.0.1.tar.gz", hash = "sha256:5af8ad10cec94f215e3f48112de2022e1d5a37ed427fbd88652fa908f2ab7cae"},
]
urllib3 = [
    {file = "urllib3-1.25.10-py2.py3-none-any.whl", hash = "sha256:e7983572181f5e1522d9c98453462384ee92a0be7fac5f1413a1e35c56cc0461"},
    {file = "urllib3-1.25.10.tar.gz", hash = "sha256:91056c15fa70756691db97756772bb1eb9678fa585d9184f24534b100dc60f4a"},
]
vine = [
    {file = "vine-1.3.0-py2.py3-none-any.whl", hash = "sha256:ea4947cc56d1fd6f2095c8d543ee25dad966f78692528e68b4fada11ba3f98af"},
    {file = "vine-1.3.0.tar.gz", hash = "sha256:133ee6d7a9016f177ddeaf191c1f58421a1dcc6ee9a42c58b34bed40e1d2cd87"},
]
werkzeug = [
    {file = "Werkzeug-1.0.1-py2.py3-none-any.whl", hash = "sha256:2de2a5db0baeae7b2d2664949077c2ac63fbd16d98da0ff71837f7d1dea3fd43"},
    {file = "Werkzeug-1.0.1.tar.gz", hash = "sha256:6c80b1e5ad3665290ea39320b91e1be1e0d5f60652b964a3070216de83d2e47c"},
]
wrapt = [
    {file = "wrapt-1.12.1.tar.gz", hash = "sha256:b62ffa81fb85f4332a4f609cab4ac40709470da05643a082ec1eb88e6d9b97d7"},
]
